// !$*UTF8*$!
{
	archiveVersion = 1;
	classes = {
	};
	objectVersion = 55;
	objects = {

/* Begin PBXBuildFile section */
		846A6466288258A6000803B4 /* Pic_orgApp.swift in Sources */ = {isa = PBXBuildFile; fileRef = 846A6465288258A6000803B4 /* Pic_orgApp.swift */; };
		846A6468288258A6000803B4 /* ContentView.swift in Sources */ = {isa = PBXBuildFile; fileRef = 846A6467288258A6000803B4 /* ContentView.swift */; };
		846A646A288258A7000803B4 /* Assets.xcassets in Resources */ = {isa = PBXBuildFile; fileRef = 846A6469288258A7000803B4 /* Assets.xcassets */; };
		846A646D288258A7000803B4 /* Preview Assets.xcassets in Resources */ = {isa = PBXBuildFile; fileRef = 846A646C288258A7000803B4 /* Preview Assets.xcassets */; };
		846A6478288258A7000803B4 /* Pic_orgTests.swift in Sources */ = {isa = PBXBuildFile; fileRef = 846A6477288258A7000803B4 /* Pic_orgTests.swift */; };
		846A6482288258A7000803B4 /* Pic_orgUITests.swift in Sources */ = {isa = PBXBuildFile; fileRef = 846A6481288258A7000803B4 /* Pic_orgUITests.swift */; };
		846A6484288258A7000803B4 /* Pic_orgUITestsLaunchTests.swift in Sources */ = {isa = PBXBuildFile; fileRef = 846A6483288258A7000803B4 /* Pic_orgUITestsLaunchTests.swift */; };
/* End PBXBuildFile section */

/* Begin PBXContainerItemProxy section */
		846A6474288258A7000803B4 /* PBXContainerItemProxy */ = {
			isa = PBXContainerItemProxy;
			containerPortal = 846A645A288258A6000803B4 /* Project object */;
			proxyType = 1;
			remoteGlobalIDString = 846A6461288258A6000803B4;
			remoteInfo = Pic_org;
		};
		846A647E288258A7000803B4 /* PBXContainerItemProxy */ = {
			isa = PBXContainerItemProxy;
			containerPortal = 846A645A288258A6000803B4 /* Project object */;
			proxyType = 1;
			remoteGlobalIDString = 846A6461288258A6000803B4;
			remoteInfo = Pic_org;
		};
/* End PBXContainerItemProxy section */

/* Begin PBXFileReference section */
		846A6462288258A6000803B4 /* Pic_org.app */ = {isa = PBXFileReference; explicitFileType = wrapper.application; includeInIndex = 0; path = Pic_org.app; sourceTree = BUILT_PRODUCTS_DIR; };
		846A6465288258A6000803B4 /* Pic_orgApp.swift */ = {isa = PBXFileReference; lastKnownFileType = sourcecode.swift; path = Pic_orgApp.swift; sourceTree = "<group>"; };
		846A6467288258A6000803B4 /* ContentView.swift */ = {isa = PBXFileReference; lastKnownFileType = sourcecode.swift; path = ContentView.swift; sourceTree = "<group>"; };
		846A6469288258A7000803B4 /* Assets.xcassets */ = {isa = PBXFileReference; lastKnownFileType = folder.assetcatalog; path = Assets.xcassets; sourceTree = "<group>"; };
		846A646C288258A7000803B4 /* Preview Assets.xcassets */ = {isa = PBXFileReference; lastKnownFileType = folder.assetcatalog; path = "Preview Assets.xcassets"; sourceTree = "<group>"; };
		846A646E288258A7000803B4 /* Pic_org.entitlements */ = {isa = PBXFileReference; lastKnownFileType = text.plist.entitlements; path = Pic_org.entitlements; sourceTree = "<group>"; };
		846A6473288258A7000803B4 /* Pic_orgTests.xctest */ = {isa = PBXFileReference; explicitFileType = wrapper.cfbundle; includeInIndex = 0; path = Pic_orgTests.xctest; sourceTree = BUILT_PRODUCTS_DIR; };
		846A6477288258A7000803B4 /* Pic_orgTests.swift */ = {isa = PBXFileReference; lastKnownFileType = sourcecode.swift; path = Pic_orgTests.swift; sourceTree = "<group>"; };
		846A647D288258A7000803B4 /* Pic_orgUITests.xctest */ = {isa = PBXFileReference; explicitFileType = wrapper.cfbundle; includeInIndex = 0; path = Pic_orgUITests.xctest; sourceTree = BUILT_PRODUCTS_DIR; };
		846A6481288258A7000803B4 /* Pic_orgUITests.swift */ = {isa = PBXFileReference; lastKnownFileType = sourcecode.swift; path = Pic_orgUITests.swift; sourceTree = "<group>"; };
		846A6483288258A7000803B4 /* Pic_orgUITestsLaunchTests.swift */ = {isa = PBXFileReference; lastKnownFileType = sourcecode.swift; path = Pic_orgUITestsLaunchTests.swift; sourceTree = "<group>"; };
/* End PBXFileReference section */

/* Begin PBXFrameworksBuildPhase section */
		846A645F288258A6000803B4 /* Frameworks */ = {
			isa = PBXFrameworksBuildPhase;
			buildActionMask = 2147483647;
			files = (
			);
			runOnlyForDeploymentPostprocessing = 0;
		};
		846A6470288258A7000803B4 /* Frameworks */ = {
			isa = PBXFrameworksBuildPhase;
			buildActionMask = 2147483647;
			files = (
			);
			runOnlyForDeploymentPostprocessing = 0;
		};
		846A647A288258A7000803B4 /* Frameworks */ = {
			isa = PBXFrameworksBuildPhase;
			buildActionMask = 2147483647;
			files = (
			);
			runOnlyForDeploymentPostprocessing = 0;
		};
/* End PBXFrameworksBuildPhase section */

/* Begin PBXGroup section */
		846A6459288258A6000803B4 = {
			isa = PBXGroup;
			children = (
				846A6464288258A6000803B4 /* Pic_org */,
				846A6476288258A7000803B4 /* Pic_orgTests */,
				846A6480288258A7000803B4 /* Pic_orgUITests */,
				846A6463288258A6000803B4 /* Products */,
			);
			sourceTree = "<group>";
		};
		846A6463288258A6000803B4 /* Products */ = {
			isa = PBXGroup;
			children = (
				846A6462288258A6000803B4 /* Pic_org.app */,
				846A6473288258A7000803B4 /* Pic_orgTests.xctest */,
				846A647D288258A7000803B4 /* Pic_orgUITests.xctest */,
			);
			name = Products;
			sourceTree = "<group>";
		};
		846A6464288258A6000803B4 /* Pic_org */ = {
			isa = PBXGroup;
			children = (
				846A6465288258A6000803B4 /* Pic_orgApp.swift */,
				846A6467288258A6000803B4 /* ContentView.swift */,
				846A6469288258A7000803B4 /* Assets.xcassets */,
				846A646E288258A7000803B4 /* Pic_org.entitlements */,
				846A646B288258A7000803B4 /* Preview Content */,
			);
			path = Pic_org;
			sourceTree = "<group>";
		};
		846A646B288258A7000803B4 /* Preview Content */ = {
			isa = PBXGroup;
			children = (
				846A646C288258A7000803B4 /* Preview Assets.xcassets */,
			);
			path = "Preview Content";
			sourceTree = "<group>";
		};
		846A6476288258A7000803B4 /* Pic_orgTests */ = {
			isa = PBXGroup;
			children = (
				846A6477288258A7000803B4 /* Pic_orgTests.swift */,
			);
			path = Pic_orgTests;
			sourceTree = "<group>";
		};
		846A6480288258A7000803B4 /* Pic_orgUITests */ = {
			isa = PBXGroup;
			children = (
				846A6481288258A7000803B4 /* Pic_orgUITests.swift */,
				846A6483288258A7000803B4 /* Pic_orgUITestsLaunchTests.swift */,
			);
			path = Pic_orgUITests;
			sourceTree = "<group>";
		};
/* End PBXGroup section */

/* Begin PBXNativeTarget section */
		846A6461288258A6000803B4 /* Pic_org */ = {
			isa = PBXNativeTarget;
			buildConfigurationList = 846A6487288258A7000803B4 /* Build configuration list for PBXNativeTarget "Pic_org" */;
			buildPhases = (
				846A645E288258A6000803B4 /* Sources */,
				846A645F288258A6000803B4 /* Frameworks */,
				846A6460288258A6000803B4 /* Resources */,
			);
			buildRules = (
			);
			dependencies = (
			);
			name = Pic_org;
			productName = Pic_org;
			productReference = 846A6462288258A6000803B4 /* Pic_org.app */;
			productType = "com.apple.product-type.application";
		};
		846A6472288258A7000803B4 /* Pic_orgTests */ = {
			isa = PBXNativeTarget;
			buildConfigurationList = 846A648A288258A7000803B4 /* Build configuration list for PBXNativeTarget "Pic_orgTests" */;
			buildPhases = (
				846A646F288258A7000803B4 /* Sources */,
				846A6470288258A7000803B4 /* Frameworks */,
				846A6471288258A7000803B4 /* Resources */,
			);
			buildRules = (
			);
			dependencies = (
				846A6475288258A7000803B4 /* PBXTargetDependency */,
			);
			name = Pic_orgTests;
			productName = Pic_orgTests;
			productReference = 846A6473288258A7000803B4 /* Pic_orgTests.xctest */;
			productType = "com.apple.product-type.bundle.unit-test";
		};
		846A647C288258A7000803B4 /* Pic_orgUITests */ = {
			isa = PBXNativeTarget;
			buildConfigurationList = 846A648D288258A7000803B4 /* Build configuration list for PBXNativeTarget "Pic_orgUITests" */;
			buildPhases = (
				846A6479288258A7000803B4 /* Sources */,
				846A647A288258A7000803B4 /* Frameworks */,
				846A647B288258A7000803B4 /* Resources */,
			);
			buildRules = (
			);
			dependencies = (
				846A647F288258A7000803B4 /* PBXTargetDependency */,
			);
			name = Pic_orgUITests;
			productName = Pic_orgUITests;
			productReference = 846A647D288258A7000803B4 /* Pic_orgUITests.xctest */;
			productType = "com.apple.product-type.bundle.ui-testing";
		};
/* End PBXNativeTarget section */

/* Begin PBXProject section */
		846A645A288258A6000803B4 /* Project object */ = {
			isa = PBXProject;
			attributes = {
				BuildIndependentTargetsInParallel = 1;
				LastSwiftUpdateCheck = 1340;
				LastUpgradeCheck = 1340;
				TargetAttributes = {
					846A6461288258A6000803B4 = {
						CreatedOnToolsVersion = 13.4.1;
					};
					846A6472288258A7000803B4 = {
						CreatedOnToolsVersion = 13.4.1;
						TestTargetID = 846A6461288258A6000803B4;
					};
					846A647C288258A7000803B4 = {
						CreatedOnToolsVersion = 13.4.1;
						TestTargetID = 846A6461288258A6000803B4;
					};
				};
			};
			buildConfigurationList = 846A645D288258A6000803B4 /* Build configuration list for PBXProject "Pic_org" */;
			compatibilityVersion = "Xcode 13.0";
			developmentRegion = en;
			hasScannedForEncodings = 0;
			knownRegions = (
				en,
				Base,
			);
			mainGroup = 846A6459288258A6000803B4;
			productRefGroup = 846A6463288258A6000803B4 /* Products */;
			projectDirPath = "";
			projectRoot = "";
			targets = (
				846A6461288258A6000803B4 /* Pic_org */,
				846A6472288258A7000803B4 /* Pic_orgTests */,
				846A647C288258A7000803B4 /* Pic_orgUITests */,
			);
		};
/* End PBXProject section */

/* Begin PBXResourcesBuildPhase section */
		846A6460288258A6000803B4 /* Resources */ = {
			isa = PBXResourcesBuildPhase;
			buildActionMask = 2147483647;
			files = (
				846A646D288258A7000803B4 /* Preview Assets.xcassets in Resources */,
				846A646A288258A7000803B4 /* Assets.xcassets in Resources */,
			);
			runOnlyForDeploymentPostprocessing = 0;
		};
		846A6471288258A7000803B4 /* Resources */ = {
			isa = PBXResourcesBuildPhase;
			buildActionMask = 2147483647;
			files = (
			);
			runOnlyForDeploymentPostprocessing = 0;
		};
		846A647B288258A7000803B4 /* Resources */ = {
			isa = PBXResourcesBuildPhase;
			buildActionMask = 2147483647;
			files = (
			);
			runOnlyForDeploymentPostprocessing = 0;
		};
/* End PBXResourcesBuildPhase section */

/* Begin PBXSourcesBuildPhase section */
		846A645E288258A6000803B4 /* Sources */ = {
			isa = PBXSourcesBuildPhase;
			buildActionMask = 2147483647;
			files = (
				846A6468288258A6000803B4 /* ContentView.swift in Sources */,
				846A6466288258A6000803B4 /* Pic_orgApp.swift in Sources */,
			);
			runOnlyForDeploymentPostprocessing = 0;
		};
		846A646F288258A7000803B4 /* Sources */ = {
			isa = PBXSourcesBuildPhase;
			buildActionMask = 2147483647;
			files = (
				846A6478288258A7000803B4 /* Pic_orgTests.swift in Sources */,
			);
			runOnlyForDeploymentPostprocessing = 0;
		};
		846A6479288258A7000803B4 /* Sources */ = {
			isa = PBXSourcesBuildPhase;
			buildActionMask = 2147483647;
			files = (
				846A6484288258A7000803B4 /* Pic_orgUITestsLaunchTests.swift in Sources */,
				846A6482288258A7000803B4 /* Pic_orgUITests.swift in Sources */,
			);
			runOnlyForDeploymentPostprocessing = 0;
		};
/* End PBXSourcesBuildPhase section */

/* Begin PBXTargetDependency section */
		846A6475288258A7000803B4 /* PBXTargetDependency */ = {
			isa = PBXTargetDependency;
			target = 846A6461288258A6000803B4 /* Pic_org */;
			targetProxy = 846A6474288258A7000803B4 /* PBXContainerItemProxy */;
		};
		846A647F288258A7000803B4 /* PBXTargetDependency */ = {
			isa = PBXTargetDependency;
			target = 846A6461288258A6000803B4 /* Pic_org */;
			targetProxy = 846A647E288258A7000803B4 /* PBXContainerItemProxy */;
		};
/* End PBXTargetDependency section */

/* Begin XCBuildConfiguration section */
		846A6485288258A7000803B4 /* Debug */ = {
			isa = XCBuildConfiguration;
			buildSettings = {
				ALWAYS_SEARCH_USER_PATHS = NO;
				CLANG_ANALYZER_NONNULL = YES;
				CLANG_ANALYZER_NUMBER_OBJECT_CONVERSION = YES_AGGRESSIVE;
				CLANG_CXX_LANGUAGE_STANDARD = "gnu++17";
				CLANG_ENABLE_MODULES = YES;
				CLANG_ENABLE_OBJC_ARC = YES;
				CLANG_ENABLE_OBJC_WEAK = YES;
				CLANG_WARN_BLOCK_CAPTURE_AUTORELEASING = YES;
				CLANG_WARN_BOOL_CONVERSION = YES;
				CLANG_WARN_COMMA = YES;
				CLANG_WARN_CONSTANT_CONVERSION = YES;
				CLANG_WARN_DEPRECATED_OBJC_IMPLEMENTATIONS = YES;
				CLANG_WARN_DIRECT_OBJC_ISA_USAGE = YES_ERROR;
				CLANG_WARN_DOCUMENTATION_COMMENTS = YES;
				CLANG_WARN_EMPTY_BODY = YES;
				CLANG_WARN_ENUM_CONVERSION = YES;
				CLANG_WARN_INFINITE_RECURSION = YES;
				CLANG_WARN_INT_CONVERSION = YES;
				CLANG_WARN_NON_LITERAL_NULL_CONVERSION = YES;
				CLANG_WARN_OBJC_IMPLICIT_RETAIN_SELF = YES;
				CLANG_WARN_OBJC_LITERAL_CONVERSION = YES;
				CLANG_WARN_OBJC_ROOT_CLASS = YES_ERROR;
				CLANG_WARN_QUOTED_INCLUDE_IN_FRAMEWORK_HEADER = YES;
				CLANG_WARN_RANGE_LOOP_ANALYSIS = YES;
				CLANG_WARN_STRICT_PROTOTYPES = YES;
				CLANG_WARN_SUSPICIOUS_MOVE = YES;
				CLANG_WARN_UNGUARDED_AVAILABILITY = YES_AGGRESSIVE;
				CLANG_WARN_UNREACHABLE_CODE = YES;
				CLANG_WARN__DUPLICATE_METHOD_MATCH = YES;
				COPY_PHASE_STRIP = NO;
				DEBUG_INFORMATION_FORMAT = dwarf;
				ENABLE_STRICT_OBJC_MSGSEND = YES;
				ENABLE_TESTABILITY = YES;
				GCC_C_LANGUAGE_STANDARD = gnu11;
				GCC_DYNAMIC_NO_PIC = NO;
				GCC_NO_COMMON_BLOCKS = YES;
				GCC_OPTIMIZATION_LEVEL = 0;
				GCC_PREPROCESSOR_DEFINITIONS = (
					"DEBUG=1",
					"$(inherited)",
				);
				GCC_WARN_64_TO_32_BIT_CONVERSION = YES;
				GCC_WARN_ABOUT_RETURN_TYPE = YES_ERROR;
				GCC_WARN_UNDECLARED_SELECTOR = YES;
				GCC_WARN_UNINITIALIZED_AUTOS = YES_AGGRESSIVE;
				GCC_WARN_UNUSED_FUNCTION = YES;
				GCC_WARN_UNUSED_VARIABLE = YES;
				MACOSX_DEPLOYMENT_TARGET = 12.3;
				MTL_ENABLE_DEBUG_INFO = INCLUDE_SOURCE;
				MTL_FAST_MATH = YES;
				ONLY_ACTIVE_ARCH = YES;
				SDKROOT = macosx;
				SWIFT_ACTIVE_COMPILATION_CONDITIONS = DEBUG;
				SWIFT_OPTIMIZATION_LEVEL = "-Onone";
			};
			name = Debug;
		};
		846A6486288258A7000803B4 /* Release */ = {
			isa = XCBuildConfiguration;
			buildSettings = {
				ALWAYS_SEARCH_USER_PATHS = NO;
				CLANG_ANALYZER_NONNULL = YES;
				CLANG_ANALYZER_NUMBER_OBJECT_CONVERSION = YES_AGGRESSIVE;
				CLANG_CXX_LANGUAGE_STANDARD = "gnu++17";
				CLANG_ENABLE_MODULES = YES;
				CLANG_ENABLE_OBJC_ARC = YES;
				CLANG_ENABLE_OBJC_WEAK = YES;
				CLANG_WARN_BLOCK_CAPTURE_AUTORELEASING = YES;
				CLANG_WARN_BOOL_CONVERSION = YES;
				CLANG_WARN_COMMA = YES;
				CLANG_WARN_CONSTANT_CONVERSION = YES;
				CLANG_WARN_DEPRECATED_OBJC_IMPLEMENTATIONS = YES;
				CLANG_WARN_DIRECT_OBJC_ISA_USAGE = YES_ERROR;
				CLANG_WARN_DOCUMENTATION_COMMENTS = YES;
				CLANG_WARN_EMPTY_BODY = YES;
				CLANG_WARN_ENUM_CONVERSION = YES;
				CLANG_WARN_INFINITE_RECURSION = YES;
				CLANG_WARN_INT_CONVERSION = YES;
				CLANG_WARN_NON_LITERAL_NULL_CONVERSION = YES;
				CLANG_WARN_OBJC_IMPLICIT_RETAIN_SELF = YES;
				CLANG_WARN_OBJC_LITERAL_CONVERSION = YES;
				CLANG_WARN_OBJC_ROOT_CLASS = YES_ERROR;
				CLANG_WARN_QUOTED_INCLUDE_IN_FRAMEWORK_HEADER = YES;
				CLANG_WARN_RANGE_LOOP_ANALYSIS = YES;
				CLANG_WARN_STRICT_PROTOTYPES = YES;
				CLANG_WARN_SUSPICIOUS_MOVE = YES;
				CLANG_WARN_UNGUARDED_AVAILABILITY = YES_AGGRESSIVE;
				CLANG_WARN_UNREACHABLE_CODE = YES;
				CLANG_WARN__DUPLICATE_METHOD_MATCH = YES;
				COPY_PHASE_STRIP = NO;
				DEBUG_INFORMATION_FORMAT = "dwarf-with-dsym";
				ENABLE_NS_ASSERTIONS = NO;
				ENABLE_STRICT_OBJC_MSGSEND = YES;
				GCC_C_LANGUAGE_STANDARD = gnu11;
				GCC_NO_COMMON_BLOCKS = YES;
				GCC_WARN_64_TO_32_BIT_CONVERSION = YES;
				GCC_WARN_ABOUT_RETURN_TYPE = YES_ERROR;
				GCC_WARN_UNDECLARED_SELECTOR = YES;
				GCC_WARN_UNINITIALIZED_AUTOS = YES_AGGRESSIVE;
				GCC_WARN_UNUSED_FUNCTION = YES;
				GCC_WARN_UNUSED_VARIABLE = YES;
				MACOSX_DEPLOYMENT_TARGET = 12.3;
				MTL_ENABLE_DEBUG_INFO = NO;
				MTL_FAST_MATH = YES;
				SDKROOT = macosx;
				SWIFT_COMPILATION_MODE = wholemodule;
				SWIFT_OPTIMIZATION_LEVEL = "-O";
			};
			name = Release;
		};
		846A6488288258A7000803B4 /* Debug */ = {
			isa = XCBuildConfiguration;
			buildSettings = {
				ASSETCATALOG_COMPILER_APPICON_NAME = AppIcon;
				ASSETCATALOG_COMPILER_GLOBAL_ACCENT_COLOR_NAME = AccentColor;
				CODE_SIGN_ENTITLEMENTS = Pic_org/Pic_org.entitlements;
				CODE_SIGN_STYLE = Automatic;
				COMBINE_HIDPI_IMAGES = YES;
				CURRENT_PROJECT_VERSION = 1;
				DEVELOPMENT_ASSET_PATHS = "\"Pic_org/Preview Content\"";
				ENABLE_PREVIEWS = YES;
				GENERATE_INFOPLIST_FILE = YES;
				INFOPLIST_KEY_NSHumanReadableCopyright = "";
				LD_RUNPATH_SEARCH_PATHS = (
					"$(inherited)",
					"@executable_path/../Frameworks",
				);
				MARKETING_VERSION = 1.0;
				PRODUCT_BUNDLE_IDENTIFIER = "team.Pic-org";
				PRODUCT_NAME = "$(TARGET_NAME)";
				SWIFT_EMIT_LOC_STRINGS = YES;
				SWIFT_VERSION = 5.0;
			};
			name = Debug;
		};
		846A6489288258A7000803B4 /* Release */ = {
			isa = XCBuildConfiguration;
			buildSettings = {
				ASSETCATALOG_COMPILER_APPICON_NAME = AppIcon;
				ASSETCATALOG_COMPILER_GLOBAL_ACCENT_COLOR_NAME = AccentColor;
				CODE_SIGN_ENTITLEMENTS = Pic_org/Pic_org.entitlements;
				CODE_SIGN_STYLE = Automatic;
				COMBINE_HIDPI_IMAGES = YES;
				CURRENT_PROJECT_VERSION = 1;
				DEVELOPMENT_ASSET_PATHS = "\"Pic_org/Preview Content\"";
				ENABLE_PREVIEWS = YES;
				GENERATE_INFOPLIST_FILE = YES;
				INFOPLIST_KEY_NSHumanReadableCopyright = "";
				LD_RUNPATH_SEARCH_PATHS = (
					"$(inherited)",
					"@executable_path/../Frameworks",
				);
				MARKETING_VERSION = 1.0;
				PRODUCT_BUNDLE_IDENTIFIER = "team.Pic-org";
				PRODUCT_NAME = "$(TARGET_NAME)";
				SWIFT_EMIT_LOC_STRINGS = YES;
				SWIFT_VERSION = 5.0;
			};
			name = Release;
		};
		846A648B288258A7000803B4 /* Debug */ = {
			isa = XCBuildConfiguration;
			buildSettings = {
				ALWAYS_EMBED_SWIFT_STANDARD_LIBRARIES = YES;
				BUNDLE_LOADER = "$(TEST_HOST)";
				CODE_SIGN_STYLE = Automatic;
				CURRENT_PROJECT_VERSION = 1;
				GENERATE_INFOPLIST_FILE = YES;
				MACOSX_DEPLOYMENT_TARGET = 12.3;
				MARKETING_VERSION = 1.0;
				PRODUCT_BUNDLE_IDENTIFIER = "team.Pic-orgTests";
				PRODUCT_NAME = "$(TARGET_NAME)";
				SWIFT_EMIT_LOC_STRINGS = NO;
				SWIFT_VERSION = 5.0;
				TEST_HOST = "$(BUILT_PRODUCTS_DIR)/Pic_org.app/Contents/MacOS/Pic_org";
			};
			name = Debug;
		};
		846A648C288258A7000803B4 /* Release */ = {
			isa = XCBuildConfiguration;
			buildSettings = {
				ALWAYS_EMBED_SWIFT_STANDARD_LIBRARIES = YES;
				BUNDLE_LOADER = "$(TEST_HOST)";
				CODE_SIGN_STYLE = Automatic;
				CURRENT_PROJECT_VERSION = 1;
				GENERATE_INFOPLIST_FILE = YES;
				MACOSX_DEPLOYMENT_TARGET = 12.3;
				MARKETING_VERSION = 1.0;
				PRODUCT_BUNDLE_IDENTIFIER = "team.Pic-orgTests";
				PRODUCT_NAME = "$(TARGET_NAME)";
				SWIFT_EMIT_LOC_STRINGS = NO;
				SWIFT_VERSION = 5.0;
				TEST_HOST = "$(BUILT_PRODUCTS_DIR)/Pic_org.app/Contents/MacOS/Pic_org";
			};
			name = Release;
		};
		846A648E288258A7000803B4 /* Debug */ = {
			isa = XCBuildConfiguration;
			buildSettings = {
				ALWAYS_EMBED_SWIFT_STANDARD_LIBRARIES = YES;
				CODE_SIGN_STYLE = Automatic;
				CURRENT_PROJECT_VERSION = 1;
				GENERATE_INFOPLIST_FILE = YES;
				MARKETING_VERSION = 1.0;
				PRODUCT_BUNDLE_IDENTIFIER = "team.Pic-orgUITests";
				PRODUCT_NAME = "$(TARGET_NAME)";
				SWIFT_EMIT_LOC_STRINGS = NO;
				SWIFT_VERSION = 5.0;
				TEST_TARGET_NAME = Pic_org;
			};
			name = Debug;
		};
		846A648F288258A7000803B4 /* Release */ = {
			isa = XCBuildConfiguration;
			buildSettings = {
				ALWAYS_EMBED_SWIFT_STANDARD_LIBRARIES = YES;
				CODE_SIGN_STYLE = Automatic;
				CURRENT_PROJECT_VERSION = 1;
				GENERATE_INFOPLIST_FILE = YES;
				MARKETING_VERSION = 1.0;
				PRODUCT_BUNDLE_IDENTIFIER = "team.Pic-orgUITests";
				PRODUCT_NAME = "$(TARGET_NAME)";
				SWIFT_EMIT_LOC_STRINGS = NO;
				SWIFT_VERSION = 5.0;
				TEST_TARGET_NAME = Pic_org;
			};
			name = Release;
		};
/* End XCBuildConfiguration section */

/* Begin XCConfigurationList section */
		846A645D288258A6000803B4 /* Build configuration list for PBXProject "Pic_org" */ = {
			isa = XCConfigurationList;
			buildConfigurations = (
				846A6485288258A7000803B4 /* Debug */,
				846A6486288258A7000803B4 /* Release */,
			);
			defaultConfigurationIsVisible = 0;
			defaultConfigurationName = Release;
		};
		846A6487288258A7000803B4 /* Build configuration list for PBXNativeTarget "Pic_org" */ = {
			isa = XCConfigurationList;
			buildConfigurations = (
				846A6488288258A7000803B4 /* Debug */,
				846A6489288258A7000803B4 /* Release */,
			);
			defaultConfigurationIsVisible = 0;
			defaultConfigurationName = Release;
		};
		846A648A288258A7000803B4 /* Build configuration list for PBXNativeTarget "Pic_orgTests" */ = {
			isa = XCConfigurationList;
			buildConfigurations = (
				846A648B288258A7000803B4 /* Debug */,
				846A648C288258A7000803B4 /* Release */,
			);
			defaultConfigurationIsVisible = 0;
			defaultConfigurationName = Release;
		};
		846A648D288258A7000803B4 /* Build configuration list for PBXNativeTarget "Pic_orgUITests" */ = {
			isa = XCConfigurationList;
			buildConfigurations = (
				846A648E288258A7000803B4 /* Debug */,
				846A648F288258A7000803B4 /* Release */,
			);
			defaultConfigurationIsVisible = 0;
			defaultConfigurationName = Release;
		};
/* End XCConfigurationList section */
	};
	rootObject = 846A645A288258A6000803B4 /* Project object */;
}
